github.com/goinsane/erf v1.0.1 h1:FLLzB7uH+CnEoqNw0EgSQXdfYaOA8lyyfq3CqHS1Zd0=
github.com/goinsane/erf v1.0.1/go.mod h1:KIGOu4SVAUGC5gHe3Q/uCswZN40wwPFJ9MS924nA/AI=
github.com/goinsane/erf v1.0.2 h1:UwngrFurcUnUklpE0U4dnqFvSGDQsRfwXbjWRyUcTOY=
github.com/goinsane/erf v1.0.2/go.mod h1:KIGOu4SVAUGC5gHe3Q/uCswZN40wwPFJ9MS924nA/AI=
github.com/goinsane/erf v1.0.3 h1:1ufPoJI5KKxQTR1HM4JVxgfzhbO8jiM1XA8mU/pVovc=
github.com/goinsane/erf v1.0.3/go.mod h1:KIGOu4SVAUGC5gHe3Q/uCswZN40wwPFJ9MS924nA/AI=
github.com/goinsane/erf v1.0.4 h1:XgQCZmWNU3MCJo0vT2D0fa146smPBGShol8UrM0Vp/8=
github.com/goinsane/erf v1.0.4/go.mod h1:KIGOu4SVAUGC5gHe3Q/uCswZN40wwPFJ9MS924nA/AI=
gopkg.in/Graylog2/go-gelf.v2 v2.0.0-20191017102106-1550ee647df0 h1:Xg23ydYYJLmb9AK3XdcEpplHZd1MpN3X2ZeeMoBClmY=
gopkg.in/Graylog2/go-gelf.v2 v2.0.0-20191017102106-1550ee647df0/go.mod h1:CeDeqW4tj9FrgZXF/dQCWZrBdcZWWBenhJtxLH4On2g=
